
Microsoft Visual Studio Solution File, Format Version 12.00
# Visual Studio Version 17
VisualStudioVersion = 17.3.32901.215
MinimumVisualStudioVersion = 10.0.40219.1
Project("{FAE04EC0-301F-11D3-BF4B-00C04F79EFBC}") = "ProyectoSolveCore", "PruebaNETCore\ProyectoSolveCore.csproj", "{08C6D11C-8427-4E98-8C42-F24B251151DB}"
EndProject
Global
	GlobalSection(SolutionConfigurationPlatforms) = preSolution
		Debug|Any CPU = Debug|Any CPU
		Release|Any CPU = Release|Any CPU
	EndGlobalSection
	GlobalSection(ProjectConfigurationPlatforms) = postSolution
		{08C6D11C-8427-4E98-8C42-F24B251151DB}.Debug|Any CPU.ActiveCfg = Debug|Any CPU
		{08C6D11C-8427-4E98-8C42-F24B251151DB}.Debug|Any CPU.Build.0 = Debug|Any CPU
		{08C6D11C-8427-4E98-8C42-F24B251151DB}.Release|Any CPU.ActiveCfg = Release|Any CPU
		{08C6D11C-8427-4E98-8C42-F24B251151DB}.Release|Any CPU.Build.0 = Release|Any CPU
	EndGlobalSection
	GlobalSection(SolutionProperties) = preSolution
		HideSolutionNode = FALSE
	EndGlobalSection
	GlobalSection(ExtensibilityGlobals) = postSolution
		SolutionGuid = {093E89D1-767A-4344-9E8C-6ADFFAAC86ED}
	EndGlobalSection
EndGlobal
